
Microsoft Visual Studio Solution File, Format Version 12.00
# Visual Studio Version 16
VisualStudioVersion = 16.0.30611.23
MinimumVisualStudioVersion = 10.0.40219.1
Project("{8BC9CEB8-8B4A-11D0-8D11-00A0C91BC942}") = "projone", "projone\projone.vcxproj", "{C287FD0A-5BE8-44D9-B8FE-24B3128C8389}"
EndProject
Project("{8BC9CEB8-8B4A-11D0-8D11-00A0C91BC942}") = "ex1ques5", "ex1ques5\ex1ques5.vcxproj", "{74C06341-217F-481D-B3AB-C70570AB8BDB}"
EndProject
Project("{8BC9CEB8-8B4A-11D0-8D11-00A0C91BC942}") = "ex1ques6", "ex1ques6\ex1ques6.vcxproj", "{B499FC56-B9F4-43C4-9BE2-4C459F4B6D38}"
EndProject
Project("{8BC9CEB8-8B4A-11D0-8D11-00A0C91BC942}") = "ex1ques7", "ex1ques7\ex1ques7.vcxproj", "{821EE8E8-4D88-4B33-B42F-7569CF708983}"
EndProject
Project("{8BC9CEB8-8B4A-11D0-8D11-00A0C91BC942}") = "ex1ques8", "ex1ques8\ex1ques8.vcxproj", "{04C1639E-C404-4741-ADD4-D3941BA56433}"
EndProject
Project("{8BC9CEB8-8B4A-11D0-8D11-00A0C91BC942}") = "ex3ques1", "ex3ques1\ex3ques1.vcxproj", "{8B9EE664-11D1-4445-8105-8C2D4426CA0E}"
EndProject
Project("{8BC9CEB8-8B4A-11D0-8D11-00A0C91BC942}") = "Ex3ques2", "Ex3ques2\Ex3ques2.vcxproj", "{9F9F0A0D-C135-430F-9462-B3C0C3E7B3A9}"
EndProject
Project("{8BC9CEB8-8B4A-11D0-8D11-00A0C91BC942}") = "ex3ques3", "ex3ques3\ex3ques3.vcxproj", "{B38C5C56-B3BF-4E45-ABC2-2168D64E0BB0}"
EndProject
Project("{8BC9CEB8-8B4A-11D0-8D11-00A0C91BC942}") = "ex3ques4", "ex3ques4\ex3ques4.vcxproj", "{557D4A12-0E9D-483F-8F7E-3773B5A4C284}"
EndProject
Project("{8BC9CEB8-8B4A-11D0-8D11-00A0C91BC942}") = "ex3ques5", "ex3ques5\ex3ques5.vcxproj", "{A9CAAB5F-E9EB-4288-B2E6-4D5C0C4DDD9D}"
EndProject
Project("{8BC9CEB8-8B4A-11D0-8D11-00A0C91BC942}") = "ex3ques6", "ex3ques6\ex3ques6.vcxproj", "{1DEBAAF6-F61B-4951-9568-F9B1C1BD1068}"
EndProject
Project("{8BC9CEB8-8B4A-11D0-8D11-00A0C91BC942}") = "Project4ques2", "Project4ques2\Project4ques2.vcxproj", "{71CDD18F-E625-48DE-8B56-4A3AE9D2921C}"
EndProject
Project("{8BC9CEB8-8B4A-11D0-8D11-00A0C91BC942}") = "ex4ques3", "ex4ques3\ex4ques3.vcxproj", "{00F63646-144A-4236-B6C8-35DC36A112BD}"
EndProject
Project("{8BC9CEB8-8B4A-11D0-8D11-00A0C91BC942}") = "Project4ques4", "Project4ques4\Project4ques4.vcxproj", "{F9B1D329-57FB-4F1F-A35A-9C9B2BBFCD22}"
EndProject
Project("{8BC9CEB8-8B4A-11D0-8D11-00A0C91BC942}") = "ex4ques5", "ex4ques5\ex4ques5.vcxproj", "{F4C8B5CD-7324-4C1D-A660-A9035005537A}"
EndProject
Project("{8BC9CEB8-8B4A-11D0-8D11-00A0C91BC942}") = "ex4ques6", "ex4ques6\ex4ques6.vcxproj", "{55C58FF2-E42C-4A67-8151-E468D47D3D47}"
EndProject
Project("{8BC9CEB8-8B4A-11D0-8D11-00A0C91BC942}") = "Ex5ques1", "Ex5ques1\Ex5ques1.vcxproj", "{AC715E8D-2F01-46FD-BBBD-FC3E72F4006F}"
EndProject
Project("{8BC9CEB8-8B4A-11D0-8D11-00A0C91BC942}") = "ex5ques2", "ex5ques2\ex5ques2.vcxproj", "{C430046D-B718-41AC-9DBD-ABA803BBE0F7}"
EndProject
Project("{8BC9CEB8-8B4A-11D0-8D11-00A0C91BC942}") = "ex5ques3", "ex5ques3\ex5ques3.vcxproj", "{60DE00B0-EE13-4A13-875B-20E5C59DC9FC}"
EndProject
Project("{8BC9CEB8-8B4A-11D0-8D11-00A0C91BC942}") = "ex5ques4", "ex5ques4\ex5ques4.vcxproj", "{02A241FD-5B02-488A-B42F-BABC096CCABA}"
EndProject
Project("{8BC9CEB8-8B4A-11D0-8D11-00A0C91BC942}") = "ex4ques1", "ex4ques1\ex4ques1.vcxproj", "{F35B27BC-08B0-4562-B3AF-7018C3F4E7FC}"
EndProject
Project("{8BC9CEB8-8B4A-11D0-8D11-00A0C91BC942}") = "ex6ques1", "ex6ques1\ex6ques1.vcxproj", "{00507B22-877B-47BD-9D83-3E4F5FF77F12}"
EndProject
Project("{8BC9CEB8-8B4A-11D0-8D11-00A0C91BC942}") = "ex6ques2", "ex6ques2\ex6ques2.vcxproj", "{62B41D8B-3553-4FB6-A681-C723185460EE}"
EndProject
Project("{8BC9CEB8-8B4A-11D0-8D11-00A0C91BC942}") = "ex6ques3", "ex6ques3\ex6ques3.vcxproj", "{9417ACD6-8573-46C6-8773-7CF757D51D26}"
EndProject
Project("{8BC9CEB8-8B4A-11D0-8D11-00A0C91BC942}") = "ex7ques1", "ex7ques1\ex7ques1.vcxproj", "{1CC20449-7FA5-4864-9A5E-4328FF37A52A}"
EndProject
Project("{8BC9CEB8-8B4A-11D0-8D11-00A0C91BC942}") = "ex10ques1", "ex8ques1\ex8ques1.vcxproj", "{267D27D9-ED84-4AE3-B5D1-BF7D456737ED}"
EndProject
Project("{8BC9CEB8-8B4A-11D0-8D11-00A0C91BC942}") = "Ex9ques1", "Ex9ques1\Ex9ques1.vcxproj", "{B3642E76-C0DD-444D-BD0E-C124FB56E1E4}"
EndProject
Project("{8BC9CEB8-8B4A-11D0-8D11-00A0C91BC942}") = "ex9ques2", "ex9ques2\ex9ques2.vcxproj", "{F5AD7F0C-46B2-4CD4-802F-4BA4FCD65E82}"
EndProject
Project("{8BC9CEB8-8B4A-11D0-8D11-00A0C91BC942}") = "ex9ques3", "ex9ques3\ex9ques3.vcxproj", "{D0592D25-18BE-40F3-8B39-E582CDFFF710}"
EndProject
Project("{8BC9CEB8-8B4A-11D0-8D11-00A0C91BC942}") = "ex6ques4", "ex6ques4\ex6ques4.vcxproj", "{28A0D93F-F4F5-46A7-B0BA-A3D7F42ABB64}"
EndProject
Project("{8BC9CEB8-8B4A-11D0-8D11-00A0C91BC942}") = "ex6ques5", "ex6ques5\ex6ques5.vcxproj", "{5B34A670-EE6E-420A-8C6B-EDBFA89B3B15}"
EndProject
Project("{8BC9CEB8-8B4A-11D0-8D11-00A0C91BC942}") = "ex7ques2", "ex7ques2\ex7ques2.vcxproj", "{A1C5A528-CAFB-47BA-A0EF-5AD8CA030BE5}"
EndProject
Project("{8BC9CEB8-8B4A-11D0-8D11-00A0C91BC942}") = "ex7ques3", "ex7ques3\ex7ques3.vcxproj", "{A26F0FD0-79F4-4C46-9550-247AE9BD0460}"
EndProject
Global
	GlobalSection(SolutionConfigurationPlatforms) = preSolution
		Debug|x64 = Debug|x64
		Debug|x86 = Debug|x86
		Release|x64 = Release|x64
		Release|x86 = Release|x86
	EndGlobalSection
	GlobalSection(ProjectConfigurationPlatforms) = postSolution
		{C287FD0A-5BE8-44D9-B8FE-24B3128C8389}.Debug|x64.ActiveCfg = Debug|x64
		{C287FD0A-5BE8-44D9-B8FE-24B3128C8389}.Debug|x64.Build.0 = Debug|x64
		{C287FD0A-5BE8-44D9-B8FE-24B3128C8389}.Debug|x86.ActiveCfg = Debug|Win32
		{C287FD0A-5BE8-44D9-B8FE-24B3128C8389}.Debug|x86.Build.0 = Debug|Win32
		{C287FD0A-5BE8-44D9-B8FE-24B3128C8389}.Release|x64.ActiveCfg = Release|x64
		{C287FD0A-5BE8-44D9-B8FE-24B3128C8389}.Release|x64.Build.0 = Release|x64
		{C287FD0A-5BE8-44D9-B8FE-24B3128C8389}.Release|x86.ActiveCfg = Release|Win32
		{C287FD0A-5BE8-44D9-B8FE-24B3128C8389}.Release|x86.Build.0 = Release|Win32
		{74C06341-217F-481D-B3AB-C70570AB8BDB}.Debug|x64.ActiveCfg = Debug|x64
		{74C06341-217F-481D-B3AB-C70570AB8BDB}.Debug|x64.Build.0 = Debug|x64
		{74C06341-217F-481D-B3AB-C70570AB8BDB}.Debug|x86.ActiveCfg = Debug|Win32
		{74C06341-217F-481D-B3AB-C70570AB8BDB}.Debug|x86.Build.0 = Debug|Win32
		{74C06341-217F-481D-B3AB-C70570AB8BDB}.Release|x64.ActiveCfg = Release|x64
		{74C06341-217F-481D-B3AB-C70570AB8BDB}.Release|x64.Build.0 = Release|x64
		{74C06341-217F-481D-B3AB-C70570AB8BDB}.Release|x86.ActiveCfg = Release|Win32
		{74C06341-217F-481D-B3AB-C70570AB8BDB}.Release|x86.Build.0 = Release|Win32
		{B499FC56-B9F4-43C4-9BE2-4C459F4B6D38}.Debug|x64.ActiveCfg = Debug|x64
		{B499FC56-B9F4-43C4-9BE2-4C459F4B6D38}.Debug|x64.Build.0 = Debug|x64
		{B499FC56-B9F4-43C4-9BE2-4C459F4B6D38}.Debug|x86.ActiveCfg = Debug|Win32
		{B499FC56-B9F4-43C4-9BE2-4C459F4B6D38}.Debug|x86.Build.0 = Debug|Win32
		{B499FC56-B9F4-43C4-9BE2-4C459F4B6D38}.Release|x64.ActiveCfg = Release|x64
		{B499FC56-B9F4-43C4-9BE2-4C459F4B6D38}.Release|x64.Build.0 = Release|x64
		{B499FC56-B9F4-43C4-9BE2-4C459F4B6D38}.Release|x86.ActiveCfg = Release|Win32
		{B499FC56-B9F4-43C4-9BE2-4C459F4B6D38}.Release|x86.Build.0 = Release|Win32
		{821EE8E8-4D88-4B33-B42F-7569CF708983}.Debug|x64.ActiveCfg = Debug|x64
		{821EE8E8-4D88-4B33-B42F-7569CF708983}.Debug|x64.Build.0 = Debug|x64
		{821EE8E8-4D88-4B33-B42F-7569CF708983}.Debug|x86.ActiveCfg = Debug|Win32
		{821EE8E8-4D88-4B33-B42F-7569CF708983}.Debug|x86.Build.0 = Debug|Win32
		{821EE8E8-4D88-4B33-B42F-7569CF708983}.Release|x64.ActiveCfg = Release|x64
		{821EE8E8-4D88-4B33-B42F-7569CF708983}.Release|x64.Build.0 = Release|x64
		{821EE8E8-4D88-4B33-B42F-7569CF708983}.Release|x86.ActiveCfg = Release|Win32
		{821EE8E8-4D88-4B33-B42F-7569CF708983}.Release|x86.Build.0 = Release|Win32
		{04C1639E-C404-4741-ADD4-D3941BA56433}.Debug|x64.ActiveCfg = Debug|x64
		{04C1639E-C404-4741-ADD4-D3941BA56433}.Debug|x64.Build.0 = Debug|x64
		{04C1639E-C404-4741-ADD4-D3941BA56433}.Debug|x86.ActiveCfg = Debug|Win32
		{04C1639E-C404-4741-ADD4-D3941BA56433}.Debug|x86.Build.0 = Debug|Win32
		{04C1639E-C404-4741-ADD4-D3941BA56433}.Release|x64.ActiveCfg = Release|x64
		{04C1639E-C404-4741-ADD4-D3941BA56433}.Release|x64.Build.0 = Release|x64
		{04C1639E-C404-4741-ADD4-D3941BA56433}.Release|x86.ActiveCfg = Release|Win32
		{04C1639E-C404-4741-ADD4-D3941BA56433}.Release|x86.Build.0 = Release|Win32
		{8B9EE664-11D1-4445-8105-8C2D4426CA0E}.Debug|x64.ActiveCfg = Debug|x64
		{8B9EE664-11D1-4445-8105-8C2D4426CA0E}.Debug|x64.Build.0 = Debug|x64
		{8B9EE664-11D1-4445-8105-8C2D4426CA0E}.Debug|x86.ActiveCfg = Debug|Win32
		{8B9EE664-11D1-4445-8105-8C2D4426CA0E}.Debug|x86.Build.0 = Debug|Win32
		{8B9EE664-11D1-4445-8105-8C2D4426CA0E}.Release|x64.ActiveCfg = Release|x64
		{8B9EE664-11D1-4445-8105-8C2D4426CA0E}.Release|x64.Build.0 = Release|x64
		{8B9EE664-11D1-4445-8105-8C2D4426CA0E}.Release|x86.ActiveCfg = Release|Win32
		{8B9EE664-11D1-4445-8105-8C2D4426CA0E}.Release|x86.Build.0 = Release|Win32
		{9F9F0A0D-C135-430F-9462-B3C0C3E7B3A9}.Debug|x64.ActiveCfg = Debug|x64
		{9F9F0A0D-C135-430F-9462-B3C0C3E7B3A9}.Debug|x64.Build.0 = Debug|x64
		{9F9F0A0D-C135-430F-9462-B3C0C3E7B3A9}.Debug|x86.ActiveCfg = Debug|Win32
		{9F9F0A0D-C135-430F-9462-B3C0C3E7B3A9}.Debug|x86.Build.0 = Debug|Win32
		{9F9F0A0D-C135-430F-9462-B3C0C3E7B3A9}.Release|x64.ActiveCfg = Release|x64
		{9F9F0A0D-C135-430F-9462-B3C0C3E7B3A9}.Release|x64.Build.0 = Release|x64
		{9F9F0A0D-C135-430F-9462-B3C0C3E7B3A9}.Release|x86.ActiveCfg = Release|Win32
		{9F9F0A0D-C135-430F-9462-B3C0C3E7B3A9}.Release|x86.Build.0 = Release|Win32
		{B38C5C56-B3BF-4E45-ABC2-2168D64E0BB0}.Debug|x64.ActiveCfg = Debug|x64
		{B38C5C56-B3BF-4E45-ABC2-2168D64E0BB0}.Debug|x64.Build.0 = Debug|x64
		{B38C5C56-B3BF-4E45-ABC2-2168D64E0BB0}.Debug|x86.ActiveCfg = Debug|Win32
		{B38C5C56-B3BF-4E45-ABC2-2168D64E0BB0}.Debug|x86.Build.0 = Debug|Win32
		{B38C5C56-B3BF-4E45-ABC2-2168D64E0BB0}.Release|x64.ActiveCfg = Release|x64
		{B38C5C56-B3BF-4E45-ABC2-2168D64E0BB0}.Release|x64.Build.0 = Release|x64
		{B38C5C56-B3BF-4E45-ABC2-2168D64E0BB0}.Release|x86.ActiveCfg = Release|Win32
		{B38C5C56-B3BF-4E45-ABC2-2168D64E0BB0}.Release|x86.Build.0 = Release|Win32
		{557D4A12-0E9D-483F-8F7E-3773B5A4C284}.Debug|x64.ActiveCfg = Debug|x64
		{557D4A12-0E9D-483F-8F7E-3773B5A4C284}.Debug|x64.Build.0 = Debug|x64
		{557D4A12-0E9D-483F-8F7E-3773B5A4C284}.Debug|x86.ActiveCfg = Debug|Win32
		{557D4A12-0E9D-483F-8F7E-3773B5A4C284}.Debug|x86.Build.0 = Debug|Win32
		{557D4A12-0E9D-483F-8F7E-3773B5A4C284}.Release|x64.ActiveCfg = Release|x64
		{557D4A12-0E9D-483F-8F7E-3773B5A4C284}.Release|x64.Build.0 = Release|x64
		{557D4A12-0E9D-483F-8F7E-3773B5A4C284}.Release|x86.ActiveCfg = Release|Win32
		{557D4A12-0E9D-483F-8F7E-3773B5A4C284}.Release|x86.Build.0 = Release|Win32
		{A9CAAB5F-E9EB-4288-B2E6-4D5C0C4DDD9D}.Debug|x64.ActiveCfg = Debug|x64
		{A9CAAB5F-E9EB-4288-B2E6-4D5C0C4DDD9D}.Debug|x64.Build.0 = Debug|x64
		{A9CAAB5F-E9EB-4288-B2E6-4D5C0C4DDD9D}.Debug|x86.ActiveCfg = Debug|Win32
		{A9CAAB5F-E9EB-4288-B2E6-4D5C0C4DDD9D}.Debug|x86.Build.0 = Debug|Win32
		{A9CAAB5F-E9EB-4288-B2E6-4D5C0C4DDD9D}.Release|x64.ActiveCfg = Release|x64
		{A9CAAB5F-E9EB-4288-B2E6-4D5C0C4DDD9D}.Release|x64.Build.0 = Release|x64
		{A9CAAB5F-E9EB-4288-B2E6-4D5C0C4DDD9D}.Release|x86.ActiveCfg = Release|Win32
		{A9CAAB5F-E9EB-4288-B2E6-4D5C0C4DDD9D}.Release|x86.Build.0 = Release|Win32
		{1DEBAAF6-F61B-4951-9568-F9B1C1BD1068}.Debug|x64.ActiveCfg = Debug|x64
		{1DEBAAF6-F61B-4951-9568-F9B1C1BD1068}.Debug|x64.Build.0 = Debug|x64
		{1DEBAAF6-F61B-4951-9568-F9B1C1BD1068}.Debug|x86.ActiveCfg = Debug|Win32
		{1DEBAAF6-F61B-4951-9568-F9B1C1BD1068}.Debug|x86.Build.0 = Debug|Win32
		{1DEBAAF6-F61B-4951-9568-F9B1C1BD1068}.Release|x64.ActiveCfg = Release|x64
		{1DEBAAF6-F61B-4951-9568-F9B1C1BD1068}.Release|x64.Build.0 = Release|x64
		{1DEBAAF6-F61B-4951-9568-F9B1C1BD1068}.Release|x86.ActiveCfg = Release|Win32
		{1DEBAAF6-F61B-4951-9568-F9B1C1BD1068}.Release|x86.Build.0 = Release|Win32
		{71CDD18F-E625-48DE-8B56-4A3AE9D2921C}.Debug|x64.ActiveCfg = Debug|x64
		{71CDD18F-E625-48DE-8B56-4A3AE9D2921C}.Debug|x64.Build.0 = Debug|x64
		{71CDD18F-E625-48DE-8B56-4A3AE9D2921C}.Debug|x86.ActiveCfg = Debug|Win32
		{71CDD18F-E625-48DE-8B56-4A3AE9D2921C}.Debug|x86.Build.0 = Debug|Win32
		{71CDD18F-E625-48DE-8B56-4A3AE9D2921C}.Release|x64.ActiveCfg = Release|x64
		{71CDD18F-E625-48DE-8B56-4A3AE9D2921C}.Release|x64.Build.0 = Release|x64
		{71CDD18F-E625-48DE-8B56-4A3AE9D2921C}.Release|x86.ActiveCfg = Release|Win32
		{71CDD18F-E625-48DE-8B56-4A3AE9D2921C}.Release|x86.Build.0 = Release|Win32
		{00F63646-144A-4236-B6C8-35DC36A112BD}.Debug|x64.ActiveCfg = Debug|x64
		{00F63646-144A-4236-B6C8-35DC36A112BD}.Debug|x64.Build.0 = Debug|x64
		{00F63646-144A-4236-B6C8-35DC36A112BD}.Debug|x86.ActiveCfg = Debug|Win32
		{00F63646-144A-4236-B6C8-35DC36A112BD}.Debug|x86.Build.0 = Debug|Win32
		{00F63646-144A-4236-B6C8-35DC36A112BD}.Release|x64.ActiveCfg = Release|x64
		{00F63646-144A-4236-B6C8-35DC36A112BD}.Release|x64.Build.0 = Release|x64
		{00F63646-144A-4236-B6C8-35DC36A112BD}.Release|x86.ActiveCfg = Release|Win32
		{00F63646-144A-4236-B6C8-35DC36A112BD}.Release|x86.Build.0 = Release|Win32
		{F9B1D329-57FB-4F1F-A35A-9C9B2BBFCD22}.Debug|x64.ActiveCfg = Debug|x64
		{F9B1D329-57FB-4F1F-A35A-9C9B2BBFCD22}.Debug|x64.Build.0 = Debug|x64
		{F9B1D329-57FB-4F1F-A35A-9C9B2BBFCD22}.Debug|x86.ActiveCfg = Debug|Win32
		{F9B1D329-57FB-4F1F-A35A-9C9B2BBFCD22}.Debug|x86.Build.0 = Debug|Win32
		{F9B1D329-57FB-4F1F-A35A-9C9B2BBFCD22}.Release|x64.ActiveCfg = Release|x64
		{F9B1D329-57FB-4F1F-A35A-9C9B2BBFCD22}.Release|x64.Build.0 = Release|x64
		{F9B1D329-57FB-4F1F-A35A-9C9B2BBFCD22}.Release|x86.ActiveCfg = Release|Win32
		{F9B1D329-57FB-4F1F-A35A-9C9B2BBFCD22}.Release|x86.Build.0 = Release|Win32
		{F4C8B5CD-7324-4C1D-A660-A9035005537A}.Debug|x64.ActiveCfg = Debug|x64
		{F4C8B5CD-7324-4C1D-A660-A9035005537A}.Debug|x64.Build.0 = Debug|x64
		{F4C8B5CD-7324-4C1D-A660-A9035005537A}.Debug|x86.ActiveCfg = Debug|Win32
		{F4C8B5CD-7324-4C1D-A660-A9035005537A}.Debug|x86.Build.0 = Debug|Win32
		{F4C8B5CD-7324-4C1D-A660-A9035005537A}.Release|x64.ActiveCfg = Release|x64
		{F4C8B5CD-7324-4C1D-A660-A9035005537A}.Release|x64.Build.0 = Release|x64
		{F4C8B5CD-7324-4C1D-A660-A9035005537A}.Release|x86.ActiveCfg = Release|Win32
		{F4C8B5CD-7324-4C1D-A660-A9035005537A}.Release|x86.Build.0 = Release|Win32
		{55C58FF2-E42C-4A67-8151-E468D47D3D47}.Debug|x64.ActiveCfg = Debug|x64
		{55C58FF2-E42C-4A67-8151-E468D47D3D47}.Debug|x64.Build.0 = Debug|x64
		{55C58FF2-E42C-4A67-8151-E468D47D3D47}.Debug|x86.ActiveCfg = Debug|Win32
		{55C58FF2-E42C-4A67-8151-E468D47D3D47}.Debug|x86.Build.0 = Debug|Win32
		{55C58FF2-E42C-4A67-8151-E468D47D3D47}.Release|x64.ActiveCfg = Release|x64
		{55C58FF2-E42C-4A67-8151-E468D47D3D47}.Release|x64.Build.0 = Release|x64
		{55C58FF2-E42C-4A67-8151-E468D47D3D47}.Release|x86.ActiveCfg = Release|Win32
		{55C58FF2-E42C-4A67-8151-E468D47D3D47}.Release|x86.Build.0 = Release|Win32
		{AC715E8D-2F01-46FD-BBBD-FC3E72F4006F}.Debug|x64.ActiveCfg = Debug|x64
		{AC715E8D-2F01-46FD-BBBD-FC3E72F4006F}.Debug|x64.Build.0 = Debug|x64
		{AC715E8D-2F01-46FD-BBBD-FC3E72F4006F}.Debug|x86.ActiveCfg = Debug|Win32
		{AC715E8D-2F01-46FD-BBBD-FC3E72F4006F}.Debug|x86.Build.0 = Debug|Win32
		{AC715E8D-2F01-46FD-BBBD-FC3E72F4006F}.Release|x64.ActiveCfg = Release|x64
		{AC715E8D-2F01-46FD-BBBD-FC3E72F4006F}.Release|x64.Build.0 = Release|x64
		{AC715E8D-2F01-46FD-BBBD-FC3E72F4006F}.Release|x86.ActiveCfg = Release|Win32
		{AC715E8D-2F01-46FD-BBBD-FC3E72F4006F}.Release|x86.Build.0 = Release|Win32
		{C430046D-B718-41AC-9DBD-ABA803BBE0F7}.Debug|x64.ActiveCfg = Debug|x64
		{C430046D-B718-41AC-9DBD-ABA803BBE0F7}.Debug|x64.Build.0 = Debug|x64
		{C430046D-B718-41AC-9DBD-ABA803BBE0F7}.Debug|x86.ActiveCfg = Debug|Win32
		{C430046D-B718-41AC-9DBD-ABA803BBE0F7}.Debug|x86.Build.0 = Debug|Win32
		{C430046D-B718-41AC-9DBD-ABA803BBE0F7}.Release|x64.ActiveCfg = Release|x64
		{C430046D-B718-41AC-9DBD-ABA803BBE0F7}.Release|x64.Build.0 = Release|x64
		{C430046D-B718-41AC-9DBD-ABA803BBE0F7}.Release|x86.ActiveCfg = Release|Win32
		{C430046D-B718-41AC-9DBD-ABA803BBE0F7}.Release|x86.Build.0 = Release|Win32
		{60DE00B0-EE13-4A13-875B-20E5C59DC9FC}.Debug|x64.ActiveCfg = Debug|x64
		{60DE00B0-EE13-4A13-875B-20E5C59DC9FC}.Debug|x64.Build.0 = Debug|x64
		{60DE00B0-EE13-4A13-875B-20E5C59DC9FC}.Debug|x86.ActiveCfg = Debug|Win32
		{60DE00B0-EE13-4A13-875B-20E5C59DC9FC}.Debug|x86.Build.0 = Debug|Win32
		{60DE00B0-EE13-4A13-875B-20E5C59DC9FC}.Release|x64.ActiveCfg = Release|x64
		{60DE00B0-EE13-4A13-875B-20E5C59DC9FC}.Release|x64.Build.0 = Release|x64
		{60DE00B0-EE13-4A13-875B-20E5C59DC9FC}.Release|x86.ActiveCfg = Release|Win32
		{60DE00B0-EE13-4A13-875B-20E5C59DC9FC}.Release|x86.Build.0 = Release|Win32
		{02A241FD-5B02-488A-B42F-BABC096CCABA}.Debug|x64.ActiveCfg = Debug|x64
		{02A241FD-5B02-488A-B42F-BABC096CCABA}.Debug|x64.Build.0 = Debug|x64
		{02A241FD-5B02-488A-B42F-BABC096CCABA}.Debug|x86.ActiveCfg = Debug|Win32
		{02A241FD-5B02-488A-B42F-BABC096CCABA}.Debug|x86.Build.0 = Debug|Win32
		{02A241FD-5B02-488A-B42F-BABC096CCABA}.Release|x64.ActiveCfg = Release|x64
		{02A241FD-5B02-488A-B42F-BABC096CCABA}.Release|x64.Build.0 = Release|x64
		{02A241FD-5B02-488A-B42F-BABC096CCABA}.Release|x86.ActiveCfg = Release|Win32
		{02A241FD-5B02-488A-B42F-BABC096CCABA}.Release|x86.Build.0 = Release|Win32
		{F35B27BC-08B0-4562-B3AF-7018C3F4E7FC}.Debug|x64.ActiveCfg = Debug|x64
		{F35B27BC-08B0-4562-B3AF-7018C3F4E7FC}.Debug|x64.Build.0 = Debug|x64
		{F35B27BC-08B0-4562-B3AF-7018C3F4E7FC}.Debug|x86.ActiveCfg = Debug|Win32
		{F35B27BC-08B0-4562-B3AF-7018C3F4E7FC}.Debug|x86.Build.0 = Debug|Win32
		{F35B27BC-08B0-4562-B3AF-7018C3F4E7FC}.Release|x64.ActiveCfg = Release|x64
		{F35B27BC-08B0-4562-B3AF-7018C3F4E7FC}.Release|x64.Build.0 = Release|x64
		{F35B27BC-08B0-4562-B3AF-7018C3F4E7FC}.Release|x86.ActiveCfg = Release|Win32
		{F35B27BC-08B0-4562-B3AF-7018C3F4E7FC}.Release|x86.Build.0 = Release|Win32
		{00507B22-877B-47BD-9D83-3E4F5FF77F12}.Debug|x64.ActiveCfg = Debug|x64
		{00507B22-877B-47BD-9D83-3E4F5FF77F12}.Debug|x64.Build.0 = Debug|x64
		{00507B22-877B-47BD-9D83-3E4F5FF77F12}.Debug|x86.ActiveCfg = Debug|Win32
		{00507B22-877B-47BD-9D83-3E4F5FF77F12}.Debug|x86.Build.0 = Debug|Win32
		{00507B22-877B-47BD-9D83-3E4F5FF77F12}.Release|x64.ActiveCfg = Release|x64
		{00507B22-877B-47BD-9D83-3E4F5FF77F12}.Release|x64.Build.0 = Release|x64
		{00507B22-877B-47BD-9D83-3E4F5FF77F12}.Release|x86.ActiveCfg = Release|Win32
		{00507B22-877B-47BD-9D83-3E4F5FF77F12}.Release|x86.Build.0 = Release|Win32
		{62B41D8B-3553-4FB6-A681-C723185460EE}.Debug|x64.ActiveCfg = Debug|x64
		{62B41D8B-3553-4FB6-A681-C723185460EE}.Debug|x64.Build.0 = Debug|x64
		{62B41D8B-3553-4FB6-A681-C723185460EE}.Debug|x86.ActiveCfg = Debug|Win32
		{62B41D8B-3553-4FB6-A681-C723185460EE}.Debug|x86.Build.0 = Debug|Win32
		{62B41D8B-3553-4FB6-A681-C723185460EE}.Release|x64.ActiveCfg = Release|x64
		{62B41D8B-3553-4FB6-A681-C723185460EE}.Release|x64.Build.0 = Release|x64
		{62B41D8B-3553-4FB6-A681-C723185460EE}.Release|x86.ActiveCfg = Release|Win32
		{62B41D8B-3553-4FB6-A681-C723185460EE}.Release|x86.Build.0 = Release|Win32
		{9417ACD6-8573-46C6-8773-7CF757D51D26}.Debug|x64.ActiveCfg = Debug|x64
		{9417ACD6-8573-46C6-8773-7CF757D51D26}.Debug|x64.Build.0 = Debug|x64
		{9417ACD6-8573-46C6-8773-7CF757D51D26}.Debug|x86.ActiveCfg = Debug|Win32
		{9417ACD6-8573-46C6-8773-7CF757D51D26}.Debug|x86.Build.0 = Debug|Win32
		{9417ACD6-8573-46C6-8773-7CF757D51D26}.Release|x64.ActiveCfg = Release|x64
		{9417ACD6-8573-46C6-8773-7CF757D51D26}.Release|x64.Build.0 = Release|x64
		{9417ACD6-8573-46C6-8773-7CF757D51D26}.Release|x86.ActiveCfg = Release|Win32
		{9417ACD6-8573-46C6-8773-7CF757D51D26}.Release|x86.Build.0 = Release|Win32
		{1CC20449-7FA5-4864-9A5E-4328FF37A52A}.Debug|x64.ActiveCfg = Debug|x64
		{1CC20449-7FA5-4864-9A5E-4328FF37A52A}.Debug|x64.Build.0 = Debug|x64
		{1CC20449-7FA5-4864-9A5E-4328FF37A52A}.Debug|x86.ActiveCfg = Debug|Win32
		{1CC20449-7FA5-4864-9A5E-4328FF37A52A}.Debug|x86.Build.0 = Debug|Win32
		{1CC20449-7FA5-4864-9A5E-4328FF37A52A}.Release|x64.ActiveCfg = Release|x64
		{1CC20449-7FA5-4864-9A5E-4328FF37A52A}.Release|x64.Build.0 = Release|x64
		{1CC20449-7FA5-4864-9A5E-4328FF37A52A}.Release|x86.ActiveCfg = Release|Win32
		{1CC20449-7FA5-4864-9A5E-4328FF37A52A}.Release|x86.Build.0 = Release|Win32
		{267D27D9-ED84-4AE3-B5D1-BF7D456737ED}.Debug|x64.ActiveCfg = Debug|x64
		{267D27D9-ED84-4AE3-B5D1-BF7D456737ED}.Debug|x64.Build.0 = Debug|x64
		{267D27D9-ED84-4AE3-B5D1-BF7D456737ED}.Debug|x86.ActiveCfg = Debug|Win32
		{267D27D9-ED84-4AE3-B5D1-BF7D456737ED}.Debug|x86.Build.0 = Debug|Win32
		{267D27D9-ED84-4AE3-B5D1-BF7D456737ED}.Release|x64.ActiveCfg = Release|x64
		{267D27D9-ED84-4AE3-B5D1-BF7D456737ED}.Release|x64.Build.0 = Release|x64
		{267D27D9-ED84-4AE3-B5D1-BF7D456737ED}.Release|x86.ActiveCfg = Release|Win32
		{267D27D9-ED84-4AE3-B5D1-BF7D456737ED}.Release|x86.Build.0 = Release|Win32
		{B3642E76-C0DD-444D-BD0E-C124FB56E1E4}.Debug|x64.ActiveCfg = Debug|x64
		{B3642E76-C0DD-444D-BD0E-C124FB56E1E4}.Debug|x64.Build.0 = Debug|x64
		{B3642E76-C0DD-444D-BD0E-C124FB56E1E4}.Debug|x86.ActiveCfg = Debug|Win32
		{B3642E76-C0DD-444D-BD0E-C124FB56E1E4}.Debug|x86.Build.0 = Debug|Win32
		{B3642E76-C0DD-444D-BD0E-C124FB56E1E4}.Release|x64.ActiveCfg = Release|x64
		{B3642E76-C0DD-444D-BD0E-C124FB56E1E4}.Release|x64.Build.0 = Release|x64
		{B3642E76-C0DD-444D-BD0E-C124FB56E1E4}.Release|x86.ActiveCfg = Release|Win32
		{B3642E76-C0DD-444D-BD0E-C124FB56E1E4}.Release|x86.Build.0 = Release|Win32
		{F5AD7F0C-46B2-4CD4-802F-4BA4FCD65E82}.Debug|x64.ActiveCfg = Debug|x64
		{F5AD7F0C-46B2-4CD4-802F-4BA4FCD65E82}.Debug|x64.Build.0 = Debug|x64
		{F5AD7F0C-46B2-4CD4-802F-4BA4FCD65E82}.Debug|x86.ActiveCfg = Debug|Win32
		{F5AD7F0C-46B2-4CD4-802F-4BA4FCD65E82}.Debug|x86.Build.0 = Debug|Win32
		{F5AD7F0C-46B2-4CD4-802F-4BA4FCD65E82}.Release|x64.ActiveCfg = Release|x64
		{F5AD7F0C-46B2-4CD4-802F-4BA4FCD65E82}.Release|x64.Build.0 = Release|x64
		{F5AD7F0C-46B2-4CD4-802F-4BA4FCD65E82}.Release|x86.ActiveCfg = Release|Win32
		{F5AD7F0C-46B2-4CD4-802F-4BA4FCD65E82}.Release|x86.Build.0 = Release|Win32
		{D0592D25-18BE-40F3-8B39-E582CDFFF710}.Debug|x64.ActiveCfg = Debug|x64
		{D0592D25-18BE-40F3-8B39-E582CDFFF710}.Debug|x64.Build.0 = Debug|x64
		{D0592D25-18BE-40F3-8B39-E582CDFFF710}.Debug|x86.ActiveCfg = Debug|Win32
		{D0592D25-18BE-40F3-8B39-E582CDFFF710}.Debug|x86.Build.0 = Debug|Win32
		{D0592D25-18BE-40F3-8B39-E582CDFFF710}.Release|x64.ActiveCfg = Release|x64
		{D0592D25-18BE-40F3-8B39-E582CDFFF710}.Release|x64.Build.0 = Release|x64
		{D0592D25-18BE-40F3-8B39-E582CDFFF710}.Release|x86.ActiveCfg = Release|Win32
		{D0592D25-18BE-40F3-8B39-E582CDFFF710}.Release|x86.Build.0 = Release|Win32
		{28A0D93F-F4F5-46A7-B0BA-A3D7F42ABB64}.Debug|x64.ActiveCfg = Debug|x64
		{28A0D93F-F4F5-46A7-B0BA-A3D7F42ABB64}.Debug|x64.Build.0 = Debug|x64
		{28A0D93F-F4F5-46A7-B0BA-A3D7F42ABB64}.Debug|x86.ActiveCfg = Debug|Win32
		{28A0D93F-F4F5-46A7-B0BA-A3D7F42ABB64}.Debug|x86.Build.0 = Debug|Win32
		{28A0D93F-F4F5-46A7-B0BA-A3D7F42ABB64}.Release|x64.ActiveCfg = Release|x64
		{28A0D93F-F4F5-46A7-B0BA-A3D7F42ABB64}.Release|x64.Build.0 = Release|x64
		{28A0D93F-F4F5-46A7-B0BA-A3D7F42ABB64}.Release|x86.ActiveCfg = Release|Win32
		{28A0D93F-F4F5-46A7-B0BA-A3D7F42ABB64}.Release|x86.Build.0 = Release|Win32
		{5B34A670-EE6E-420A-8C6B-EDBFA89B3B15}.Debug|x64.ActiveCfg = Debug|x64
		{5B34A670-EE6E-420A-8C6B-EDBFA89B3B15}.Debug|x64.Build.0 = Debug|x64
		{5B34A670-EE6E-420A-8C6B-EDBFA89B3B15}.Debug|x86.ActiveCfg = Debug|Win32
		{5B34A670-EE6E-420A-8C6B-EDBFA89B3B15}.Debug|x86.Build.0 = Debug|Win32
		{5B34A670-EE6E-420A-8C6B-EDBFA89B3B15}.Release|x64.ActiveCfg = Release|x64
		{5B34A670-EE6E-420A-8C6B-EDBFA89B3B15}.Release|x64.Build.0 = Release|x64
		{5B34A670-EE6E-420A-8C6B-EDBFA89B3B15}.Release|x86.ActiveCfg = Release|Win32
		{5B34A670-EE6E-420A-8C6B-EDBFA89B3B15}.Release|x86.Build.0 = Release|Win32
		{A1C5A528-CAFB-47BA-A0EF-5AD8CA030BE5}.Debug|x64.ActiveCfg = Debug|x64
		{A1C5A528-CAFB-47BA-A0EF-5AD8CA030BE5}.Debug|x64.Build.0 = Debug|x64
		{A1C5A528-CAFB-47BA-A0EF-5AD8CA030BE5}.Debug|x86.ActiveCfg = Debug|Win32
		{A1C5A528-CAFB-47BA-A0EF-5AD8CA030BE5}.Debug|x86.Build.0 = Debug|Win32
		{A1C5A528-CAFB-47BA-A0EF-5AD8CA030BE5}.Release|x64.ActiveCfg = Release|x64
		{A1C5A528-CAFB-47BA-A0EF-5AD8CA030BE5}.Release|x64.Build.0 = Release|x64
		{A1C5A528-CAFB-47BA-A0EF-5AD8CA030BE5}.Release|x86.ActiveCfg = Release|Win32
		{A1C5A528-CAFB-47BA-A0EF-5AD8CA030BE5}.Release|x86.Build.0 = Release|Win32
		{A26F0FD0-79F4-4C46-9550-247AE9BD0460}.Debug|x64.ActiveCfg = Debug|x64
		{A26F0FD0-79F4-4C46-9550-247AE9BD0460}.Debug|x64.Build.0 = Debug|x64
		{A26F0FD0-79F4-4C46-9550-247AE9BD0460}.Debug|x86.ActiveCfg = Debug|Win32
		{A26F0FD0-79F4-4C46-9550-247AE9BD0460}.Debug|x86.Build.0 = Debug|Win32
		{A26F0FD0-79F4-4C46-9550-247AE9BD0460}.Release|x64.ActiveCfg = Release|x64
		{A26F0FD0-79F4-4C46-9550-247AE9BD0460}.Release|x64.Build.0 = Release|x64
		{A26F0FD0-79F4-4C46-9550-247AE9BD0460}.Release|x86.ActiveCfg = Release|Win32
		{A26F0FD0-79F4-4C46-9550-247AE9BD0460}.Release|x86.Build.0 = Release|Win32
	EndGlobalSection
	GlobalSection(SolutionProperties) = preSolution
		HideSolutionNode = FALSE
	EndGlobalSection
	GlobalSection(ExtensibilityGlobals) = postSolution
		SolutionGuid = {0CAD8FC0-9AA3-42FB-817F-B3D850486643}
	EndGlobalSection
EndGlobal
